// !$*UTF8*$!
{
	archiveVersion = 1;
	classes = {
	};
	objectVersion = 55;
	objects = {

/* Begin PBXBuildFile section */
		42B8E83C8E18E3DDD6BC0347 /* Pods_FanChatApp.framework in Frameworks */ = {isa = PBXBuildFile; fileRef = 6B9840BD96542C9C53888B60 /* Pods_FanChatApp.framework */; };
		5020490D28072BE1001D6AA8 /* Post.swift in Sources */ = {isa = PBXBuildFile; fileRef = 5020490C28072BE1001D6AA8 /* Post.swift */; };
		5020490F28072EB4001D6AA8 /* CustomImageView.swift in Sources */ = {isa = PBXBuildFile; fileRef = 5020490E28072EB4001D6AA8 /* CustomImageView.swift */; };
		5020495628282F56001D6AA8 /* UsersViewModel.swift in Sources */ = {isa = PBXBuildFile; fileRef = 5020495528282F56001D6AA8 /* UsersViewModel.swift */; };
		50204958282AD665001D6AA8 /* UserCellViewModel.swift in Sources */ = {isa = PBXBuildFile; fileRef = 50204957282AD665001D6AA8 /* UserCellViewModel.swift */; };
		5020495A282ADB25001D6AA8 /* UserCollectionViewCell.swift in Sources */ = {isa = PBXBuildFile; fileRef = 50204959282ADB25001D6AA8 /* UserCollectionViewCell.swift */; };
		5020495D282EAEE2001D6AA8 /* UserDetailsViewController.swift in Sources */ = {isa = PBXBuildFile; fileRef = 5020495C282EAEE2001D6AA8 /* UserDetailsViewController.swift */; };
		5022245F27B1D4AE00E3B4D5 /* User.swift in Sources */ = {isa = PBXBuildFile; fileRef = 5022245E27B1D4AE00E3B4D5 /* User.swift */; };
		5022246127B1D86600E3B4D5 /* Extensions.swift in Sources */ = {isa = PBXBuildFile; fileRef = 5022246027B1D86600E3B4D5 /* Extensions.swift */; };
		5022260A27E215BD00E3B4D5 /* RegistrationViewController.swift in Sources */ = {isa = PBXBuildFile; fileRef = 5022260927E215BD00E3B4D5 /* RegistrationViewController.swift */; };
		5022261027E355E600E3B4D5 /* Team.swift in Sources */ = {isa = PBXBuildFile; fileRef = 5022260F27E355E600E3B4D5 /* Team.swift */; };
		5022261227E356BC00E3B4D5 /* NetworkManager.swift in Sources */ = {isa = PBXBuildFile; fileRef = 5022261127E356BC00E3B4D5 /* NetworkManager.swift */; };
		5022261427E36B5E00E3B4D5 /* RegistrationViewModel.swift in Sources */ = {isa = PBXBuildFile; fileRef = 5022261327E36B5D00E3B4D5 /* RegistrationViewModel.swift */; };
		5022261627E3D59700E3B4D5 /* GoogleService-Info.plist in Resources */ = {isa = PBXBuildFile; fileRef = 5022261527E3D59700E3B4D5 /* GoogleService-Info.plist */; };
		5022261827E776CE00E3B4D5 /* DatabaseManager.swift in Sources */ = {isa = PBXBuildFile; fileRef = 5022261727E776CD00E3B4D5 /* DatabaseManager.swift */; };
		5022261A27E78BF200E3B4D5 /* StorageManager.swift in Sources */ = {isa = PBXBuildFile; fileRef = 5022261927E78BF200E3B4D5 /* StorageManager.swift */; };
		5022261C27E8E70F00E3B4D5 /* NewsViewController.swift in Sources */ = {isa = PBXBuildFile; fileRef = 5022261B27E8E70F00E3B4D5 /* NewsViewController.swift */; };
		503C2470284918350073CEF6 /* KeychainConfig.swift in Sources */ = {isa = PBXBuildFile; fileRef = 503C246F284918350073CEF6 /* KeychainConfig.swift */; };
		503C247228491A200073CEF6 /* Constants.swift in Sources */ = {isa = PBXBuildFile; fileRef = 503C247128491A200073CEF6 /* Constants.swift */; };
		503C247428491BB10073CEF6 /* KeychainPasswordItem.swift in Sources */ = {isa = PBXBuildFile; fileRef = 503C247328491BB10073CEF6 /* KeychainPasswordItem.swift */; };
		503C2476284922BA0073CEF6 /* BiometricAuth.swift in Sources */ = {isa = PBXBuildFile; fileRef = 503C2475284922BA0073CEF6 /* BiometricAuth.swift */; };
		503C2478284970780073CEF6 /* EnableBiometricViewController.swift in Sources */ = {isa = PBXBuildFile; fileRef = 503C2477284970780073CEF6 /* EnableBiometricViewController.swift */; };
		50C058BE27AB2263004A0D61 /* AppDelegate.swift in Sources */ = {isa = PBXBuildFile; fileRef = 50C058BD27AB2263004A0D61 /* AppDelegate.swift */; };
		50C058C027AB2263004A0D61 /* SceneDelegate.swift in Sources */ = {isa = PBXBuildFile; fileRef = 50C058BF27AB2263004A0D61 /* SceneDelegate.swift */; };
		50C058C227AB2263004A0D61 /* LoginViewController.swift in Sources */ = {isa = PBXBuildFile; fileRef = 50C058C127AB2263004A0D61 /* LoginViewController.swift */; };
		50C058C727AB2267004A0D61 /* Assets.xcassets in Resources */ = {isa = PBXBuildFile; fileRef = 50C058C627AB2267004A0D61 /* Assets.xcassets */; };
		50C058CA27AB2267004A0D61 /* LaunchScreen.storyboard in Resources */ = {isa = PBXBuildFile; fileRef = 50C058C827AB2267004A0D61 /* LaunchScreen.storyboard */; };
		50CA32762847F60600C90E3C /* MenuListController.swift in Sources */ = {isa = PBXBuildFile; fileRef = 50CA32752847F60600C90E3C /* MenuListController.swift */; };
		50E03F2C28325769005E87C0 /* TeamStandingCell.swift in Sources */ = {isa = PBXBuildFile; fileRef = 50E03F2B28325769005E87C0 /* TeamStandingCell.swift */; };
		50E03F2E28325856005E87C0 /* TeamStandigViewModel.swift in Sources */ = {isa = PBXBuildFile; fileRef = 50E03F2D28325856005E87C0 /* TeamStandigViewModel.swift */; };
		50E03F8A2833E8B3005E87C0 /* MenuCellViewModel.swift in Sources */ = {isa = PBXBuildFile; fileRef = 50E03F892833E8B3005E87C0 /* MenuCellViewModel.swift */; };
		50E03F8C2833E8BE005E87C0 /* MenuTableViewCell.swift in Sources */ = {isa = PBXBuildFile; fileRef = 50E03F8B2833E8BE005E87C0 /* MenuTableViewCell.swift */; };
		50E03F8E2833E8C7005E87C0 /* MenuViewController.swift in Sources */ = {isa = PBXBuildFile; fileRef = 50E03F8D2833E8C7005E87C0 /* MenuViewController.swift */; };
		50E03F922834176E005E87C0 /* MenuHeader.swift in Sources */ = {isa = PBXBuildFile; fileRef = 50E03F912834176E005E87C0 /* MenuHeader.swift */; };
		50E03F9628355B79005E87C0 /* UserPostCollectionViewCell.swift in Sources */ = {isa = PBXBuildFile; fileRef = 50E03F9528355B79005E87C0 /* UserPostCollectionViewCell.swift */; };
		50E03F982836AB4F005E87C0 /* UsersFeedCollectionViewController.swift in Sources */ = {isa = PBXBuildFile; fileRef = 50E03F972836AB4F005E87C0 /* UsersFeedCollectionViewController.swift */; };
		50E03FDA283BA90F005E87C0 /* CreatePostViewController.swift in Sources */ = {isa = PBXBuildFile; fileRef = 50E03FD9283BA90F005E87C0 /* CreatePostViewController.swift */; };
		50E03FDC283BDF91005E87C0 /* UserFeedViewModel.swift in Sources */ = {isa = PBXBuildFile; fileRef = 50E03FDB283BDF91005E87C0 /* UserFeedViewModel.swift */; };
		50E03FE2283DA463005E87C0 /* UserDetailsViewModel.swift in Sources */ = {isa = PBXBuildFile; fileRef = 50E03FE1283DA462005E87C0 /* UserDetailsViewModel.swift */; };
		50E03FE4283E58C2005E87C0 /* UserDetailsCollectionViewController.swift in Sources */ = {isa = PBXBuildFile; fileRef = 50E03FE3283E58C2005E87C0 /* UserDetailsCollectionViewController.swift */; };
		50E03FE6283E5933005E87C0 /* UserDetailsHeader.swift in Sources */ = {isa = PBXBuildFile; fileRef = 50E03FE5283E5933005E87C0 /* UserDetailsHeader.swift */; };
		50E03FE8283E85F4005E87C0 /* UserDetailsPostCollectionViewCell.swift in Sources */ = {isa = PBXBuildFile; fileRef = 50E03FE7283E85F4005E87C0 /* UserDetailsPostCollectionViewCell.swift */; };
		50EDD06827E9358A00E64B5C /* UsersViewController.swift in Sources */ = {isa = PBXBuildFile; fileRef = 50EDD06727E9358A00E64B5C /* UsersViewController.swift */; };
		50EDD06A27E935C700E64B5C /* ResultsViewController.swift in Sources */ = {isa = PBXBuildFile; fileRef = 50EDD06927E935C700E64B5C /* ResultsViewController.swift */; };
		50EDD06C27E9407600E64B5C /* ProfileViewController.swift in Sources */ = {isa = PBXBuildFile; fileRef = 50EDD06B27E9407600E64B5C /* ProfileViewController.swift */; };
		50EDD06E27E9D6FD00E64B5C /* News.swift in Sources */ = {isa = PBXBuildFile; fileRef = 50EDD06D27E9D6FD00E64B5C /* News.swift */; };
		50EDD07027E9E01C00E64B5C /* FeedViewModel.swift in Sources */ = {isa = PBXBuildFile; fileRef = 50EDD06F27E9E01C00E64B5C /* FeedViewModel.swift */; };
		50EDD07227EA0C3E00E64B5C /* FeedTableViewCell.swift in Sources */ = {isa = PBXBuildFile; fileRef = 50EDD07127EA0C3E00E64B5C /* FeedTableViewCell.swift */; };
		50EDD07427EA0EE100E64B5C /* ImageManager.swift in Sources */ = {isa = PBXBuildFile; fileRef = 50EDD07327EA0EE100E64B5C /* ImageManager.swift */; };
		50EDD07627EA7ABD00E64B5C /* FeedCellViewModel.swift in Sources */ = {isa = PBXBuildFile; fileRef = 50EDD07527EA7ABD00E64B5C /* FeedCellViewModel.swift */; };
		50EDD07827F0902400E64B5C /* ResetPasswordViewController.swift in Sources */ = {isa = PBXBuildFile; fileRef = 50EDD07727F0902400E64B5C /* ResetPasswordViewController.swift */; };
		50EDD08327F4A45900E64B5C /* ProfileViewModel.swift in Sources */ = {isa = PBXBuildFile; fileRef = 50EDD08227F4A45900E64B5C /* ProfileViewModel.swift */; };
/* End PBXBuildFile section */

/* Begin PBXFileReference section */
		3C881E109ABB2A9057635903 /* Pods-FanChatApp.debug.xcconfig */ = {isa = PBXFileReference; includeInIndex = 1; lastKnownFileType = text.xcconfig; name = "Pods-FanChatApp.debug.xcconfig"; path = "Target Support Files/Pods-FanChatApp/Pods-FanChatApp.debug.xcconfig"; sourceTree = "<group>"; };
		5020490C28072BE1001D6AA8 /* Post.swift */ = {isa = PBXFileReference; lastKnownFileType = sourcecode.swift; path = Post.swift; sourceTree = "<group>"; };
		5020490E28072EB4001D6AA8 /* CustomImageView.swift */ = {isa = PBXFileReference; lastKnownFileType = sourcecode.swift; path = CustomImageView.swift; sourceTree = "<group>"; };
		5020495528282F56001D6AA8 /* UsersViewModel.swift */ = {isa = PBXFileReference; lastKnownFileType = sourcecode.swift; path = UsersViewModel.swift; sourceTree = "<group>"; };
		50204957282AD665001D6AA8 /* UserCellViewModel.swift */ = {isa = PBXFileReference; lastKnownFileType = sourcecode.swift; path = UserCellViewModel.swift; sourceTree = "<group>"; };
		50204959282ADB25001D6AA8 /* UserCollectionViewCell.swift */ = {isa = PBXFileReference; lastKnownFileType = sourcecode.swift; path = UserCollectionViewCell.swift; sourceTree = "<group>"; };
		5020495C282EAEE2001D6AA8 /* UserDetailsViewController.swift */ = {isa = PBXFileReference; lastKnownFileType = sourcecode.swift; path = UserDetailsViewController.swift; sourceTree = "<group>"; };
		5022245E27B1D4AE00E3B4D5 /* User.swift */ = {isa = PBXFileReference; lastKnownFileType = sourcecode.swift; path = User.swift; sourceTree = "<group>"; };
		5022246027B1D86600E3B4D5 /* Extensions.swift */ = {isa = PBXFileReference; lastKnownFileType = sourcecode.swift; path = Extensions.swift; sourceTree = "<group>"; };
		5022260927E215BD00E3B4D5 /* RegistrationViewController.swift */ = {isa = PBXFileReference; lastKnownFileType = sourcecode.swift; path = RegistrationViewController.swift; sourceTree = "<group>"; };
		5022260F27E355E600E3B4D5 /* Team.swift */ = {isa = PBXFileReference; lastKnownFileType = sourcecode.swift; path = Team.swift; sourceTree = "<group>"; };
		5022261127E356BC00E3B4D5 /* NetworkManager.swift */ = {isa = PBXFileReference; lastKnownFileType = sourcecode.swift; path = NetworkManager.swift; sourceTree = "<group>"; };
		5022261327E36B5D00E3B4D5 /* RegistrationViewModel.swift */ = {isa = PBXFileReference; lastKnownFileType = sourcecode.swift; path = RegistrationViewModel.swift; sourceTree = "<group>"; };
		5022261527E3D59700E3B4D5 /* GoogleService-Info.plist */ = {isa = PBXFileReference; fileEncoding = 4; lastKnownFileType = text.plist.xml; path = "GoogleService-Info.plist"; sourceTree = "<group>"; };
		5022261727E776CD00E3B4D5 /* DatabaseManager.swift */ = {isa = PBXFileReference; lastKnownFileType = sourcecode.swift; path = DatabaseManager.swift; sourceTree = "<group>"; };
		5022261927E78BF200E3B4D5 /* StorageManager.swift */ = {isa = PBXFileReference; lastKnownFileType = sourcecode.swift; path = StorageManager.swift; sourceTree = "<group>"; };
		5022261B27E8E70F00E3B4D5 /* NewsViewController.swift */ = {isa = PBXFileReference; lastKnownFileType = sourcecode.swift; path = NewsViewController.swift; sourceTree = "<group>"; };
		503C246F284918350073CEF6 /* KeychainConfig.swift */ = {isa = PBXFileReference; lastKnownFileType = sourcecode.swift; path = KeychainConfig.swift; sourceTree = "<group>"; };
		503C247128491A200073CEF6 /* Constants.swift */ = {isa = PBXFileReference; lastKnownFileType = sourcecode.swift; path = Constants.swift; sourceTree = "<group>"; };
		503C247328491BB10073CEF6 /* KeychainPasswordItem.swift */ = {isa = PBXFileReference; lastKnownFileType = sourcecode.swift; path = KeychainPasswordItem.swift; sourceTree = "<group>"; };
		503C2475284922BA0073CEF6 /* BiometricAuth.swift */ = {isa = PBXFileReference; lastKnownFileType = sourcecode.swift; path = BiometricAuth.swift; sourceTree = "<group>"; };
		503C2477284970780073CEF6 /* EnableBiometricViewController.swift */ = {isa = PBXFileReference; lastKnownFileType = sourcecode.swift; path = EnableBiometricViewController.swift; sourceTree = "<group>"; };
		50C058BA27AB2263004A0D61 /* FanChatApp.app */ = {isa = PBXFileReference; explicitFileType = wrapper.application; includeInIndex = 0; path = FanChatApp.app; sourceTree = BUILT_PRODUCTS_DIR; };
		50C058BD27AB2263004A0D61 /* AppDelegate.swift */ = {isa = PBXFileReference; lastKnownFileType = sourcecode.swift; path = AppDelegate.swift; sourceTree = "<group>"; };
		50C058BF27AB2263004A0D61 /* SceneDelegate.swift */ = {isa = PBXFileReference; lastKnownFileType = sourcecode.swift; path = SceneDelegate.swift; sourceTree = "<group>"; };
		50C058C127AB2263004A0D61 /* LoginViewController.swift */ = {isa = PBXFileReference; lastKnownFileType = sourcecode.swift; path = LoginViewController.swift; sourceTree = "<group>"; };
		50C058C627AB2267004A0D61 /* Assets.xcassets */ = {isa = PBXFileReference; lastKnownFileType = folder.assetcatalog; path = Assets.xcassets; sourceTree = "<group>"; };
		50C058C927AB2267004A0D61 /* Base */ = {isa = PBXFileReference; lastKnownFileType = file.storyboard; name = Base; path = Base.lproj/LaunchScreen.storyboard; sourceTree = "<group>"; };
		50C058CB27AB2267004A0D61 /* Info.plist */ = {isa = PBXFileReference; lastKnownFileType = text.plist.xml; path = Info.plist; sourceTree = "<group>"; };
		50CA32752847F60600C90E3C /* MenuListController.swift */ = {isa = PBXFileReference; lastKnownFileType = sourcecode.swift; path = MenuListController.swift; sourceTree = "<group>"; };
		50E03F2B28325769005E87C0 /* TeamStandingCell.swift */ = {isa = PBXFileReference; lastKnownFileType = sourcecode.swift; path = TeamStandingCell.swift; sourceTree = "<group>"; };
		50E03F2D28325856005E87C0 /* TeamStandigViewModel.swift */ = {isa = PBXFileReference; lastKnownFileType = sourcecode.swift; path = TeamStandigViewModel.swift; sourceTree = "<group>"; };
		50E03F892833E8B3005E87C0 /* MenuCellViewModel.swift */ = {isa = PBXFileReference; fileEncoding = 4; lastKnownFileType = sourcecode.swift; path = MenuCellViewModel.swift; sourceTree = "<group>"; };
		50E03F8B2833E8BE005E87C0 /* MenuTableViewCell.swift */ = {isa = PBXFileReference; fileEncoding = 4; lastKnownFileType = sourcecode.swift; path = MenuTableViewCell.swift; sourceTree = "<group>"; };
		50E03F8D2833E8C7005E87C0 /* MenuViewController.swift */ = {isa = PBXFileReference; fileEncoding = 4; lastKnownFileType = sourcecode.swift; path = MenuViewController.swift; sourceTree = "<group>"; };
		50E03F912834176E005E87C0 /* MenuHeader.swift */ = {isa = PBXFileReference; lastKnownFileType = sourcecode.swift; path = MenuHeader.swift; sourceTree = "<group>"; };
		50E03F9528355B79005E87C0 /* UserPostCollectionViewCell.swift */ = {isa = PBXFileReference; lastKnownFileType = sourcecode.swift; path = UserPostCollectionViewCell.swift; sourceTree = "<group>"; };
		50E03F972836AB4F005E87C0 /* UsersFeedCollectionViewController.swift */ = {isa = PBXFileReference; lastKnownFileType = sourcecode.swift; path = UsersFeedCollectionViewController.swift; sourceTree = "<group>"; };
		50E03FD9283BA90F005E87C0 /* CreatePostViewController.swift */ = {isa = PBXFileReference; lastKnownFileType = sourcecode.swift; path = CreatePostViewController.swift; sourceTree = "<group>"; };
		50E03FDB283BDF91005E87C0 /* UserFeedViewModel.swift */ = {isa = PBXFileReference; lastKnownFileType = sourcecode.swift; path = UserFeedViewModel.swift; sourceTree = "<group>"; };
		50E03FE1283DA462005E87C0 /* UserDetailsViewModel.swift */ = {isa = PBXFileReference; lastKnownFileType = sourcecode.swift; path = UserDetailsViewModel.swift; sourceTree = "<group>"; };
		50E03FE3283E58C2005E87C0 /* UserDetailsCollectionViewController.swift */ = {isa = PBXFileReference; lastKnownFileType = sourcecode.swift; path = UserDetailsCollectionViewController.swift; sourceTree = "<group>"; };
		50E03FE5283E5933005E87C0 /* UserDetailsHeader.swift */ = {isa = PBXFileReference; lastKnownFileType = sourcecode.swift; path = UserDetailsHeader.swift; sourceTree = "<group>"; };
		50E03FE7283E85F4005E87C0 /* UserDetailsPostCollectionViewCell.swift */ = {isa = PBXFileReference; lastKnownFileType = sourcecode.swift; path = UserDetailsPostCollectionViewCell.swift; sourceTree = "<group>"; };
		50EDD06727E9358A00E64B5C /* UsersViewController.swift */ = {isa = PBXFileReference; lastKnownFileType = sourcecode.swift; path = UsersViewController.swift; sourceTree = "<group>"; };
		50EDD06927E935C700E64B5C /* ResultsViewController.swift */ = {isa = PBXFileReference; lastKnownFileType = sourcecode.swift; path = ResultsViewController.swift; sourceTree = "<group>"; };
		50EDD06B27E9407600E64B5C /* ProfileViewController.swift */ = {isa = PBXFileReference; lastKnownFileType = sourcecode.swift; path = ProfileViewController.swift; sourceTree = "<group>"; };
		50EDD06D27E9D6FD00E64B5C /* News.swift */ = {isa = PBXFileReference; lastKnownFileType = sourcecode.swift; path = News.swift; sourceTree = "<group>"; };
		50EDD06F27E9E01C00E64B5C /* FeedViewModel.swift */ = {isa = PBXFileReference; lastKnownFileType = sourcecode.swift; path = FeedViewModel.swift; sourceTree = "<group>"; };
		50EDD07127EA0C3E00E64B5C /* FeedTableViewCell.swift */ = {isa = PBXFileReference; lastKnownFileType = sourcecode.swift; path = FeedTableViewCell.swift; sourceTree = "<group>"; };
		50EDD07327EA0EE100E64B5C /* ImageManager.swift */ = {isa = PBXFileReference; lastKnownFileType = sourcecode.swift; path = ImageManager.swift; sourceTree = "<group>"; };
		50EDD07527EA7ABD00E64B5C /* FeedCellViewModel.swift */ = {isa = PBXFileReference; lastKnownFileType = sourcecode.swift; path = FeedCellViewModel.swift; sourceTree = "<group>"; };
		50EDD07727F0902400E64B5C /* ResetPasswordViewController.swift */ = {isa = PBXFileReference; lastKnownFileType = sourcecode.swift; path = ResetPasswordViewController.swift; sourceTree = "<group>"; };
		50EDD08227F4A45900E64B5C /* ProfileViewModel.swift */ = {isa = PBXFileReference; lastKnownFileType = sourcecode.swift; path = ProfileViewModel.swift; sourceTree = "<group>"; };
		6B9840BD96542C9C53888B60 /* Pods_FanChatApp.framework */ = {isa = PBXFileReference; explicitFileType = wrapper.framework; includeInIndex = 0; path = Pods_FanChatApp.framework; sourceTree = BUILT_PRODUCTS_DIR; };
		AB1963437BE25CA28D1FD64B /* Pods-FanChatApp.release.xcconfig */ = {isa = PBXFileReference; includeInIndex = 1; lastKnownFileType = text.xcconfig; name = "Pods-FanChatApp.release.xcconfig"; path = "Target Support Files/Pods-FanChatApp/Pods-FanChatApp.release.xcconfig"; sourceTree = "<group>"; };
/* End PBXFileReference section */

/* Begin PBXFrameworksBuildPhase section */
		50C058B727AB2263004A0D61 /* Frameworks */ = {
			isa = PBXFrameworksBuildPhase;
			buildActionMask = 2147483647;
			files = (
				42B8E83C8E18E3DDD6BC0347 /* Pods_FanChatApp.framework in Frameworks */,
			);
			runOnlyForDeploymentPostprocessing = 0;
		};
/* End PBXFrameworksBuildPhase section */

/* Begin PBXGroup section */
		46BCFFFC8DFB15EC8156C5FD /* Frameworks */ = {
			isa = PBXGroup;
			children = (
				6B9840BD96542C9C53888B60 /* Pods_FanChatApp.framework */,
			);
			name = Frameworks;
			sourceTree = "<group>";
		};
		5020495B282EAEB7001D6AA8 /* Secondary ViewControllers */ = {
			isa = PBXGroup;
			children = (
				5020495C282EAEE2001D6AA8 /* UserDetailsViewController.swift */,
				50E03FE3283E58C2005E87C0 /* UserDetailsCollectionViewController.swift */,
				50E03FE5283E5933005E87C0 /* UserDetailsHeader.swift */,
				50E03FD9283BA90F005E87C0 /* CreatePostViewController.swift */,
			);
			path = "Secondary ViewControllers";
			sourceTree = "<group>";
		};
		503C2479284AC29A0073CEF6 /* Biometric ViewControllers */ = {
			isa = PBXGroup;
			children = (
				503C2477284970780073CEF6 /* EnableBiometricViewController.swift */,
				503C2475284922BA0073CEF6 /* BiometricAuth.swift */,
			);
			path = "Biometric ViewControllers";
			sourceTree = "<group>";
		};
		503C247C284AC3430073CEF6 /* Root */ = {
			isa = PBXGroup;
			children = (
				50C058BF27AB2263004A0D61 /* SceneDelegate.swift */,
				50C058BD27AB2263004A0D61 /* AppDelegate.swift */,
			);
			path = Root;
			sourceTree = "<group>";
		};
		50C058B127AB2263004A0D61 = {
			isa = PBXGroup;
			children = (
				50C058BC27AB2263004A0D61 /* FanChatApp */,
				50C058BB27AB2263004A0D61 /* Products */,
				75E7C8077F0603D2C61DA579 /* Pods */,
				46BCFFFC8DFB15EC8156C5FD /* Frameworks */,
			);
			sourceTree = "<group>";
		};
		50C058BB27AB2263004A0D61 /* Products */ = {
			isa = PBXGroup;
			children = (
				50C058BA27AB2263004A0D61 /* FanChatApp.app */,
			);
			name = Products;
			sourceTree = "<group>";
		};
		50C058BC27AB2263004A0D61 /* FanChatApp */ = {
			isa = PBXGroup;
			children = (
				503C247C284AC3430073CEF6 /* Root */,
				50E03F882833E89C005E87C0 /* SideMenu */,
				50EDD07C27F2620A00E64B5C /* ViewModels */,
				50EDD07927F2619400E64B5C /* ViewControllers */,
				50EDD07B27F261E400E64B5C /* Models */,
				50EDD07A27F261C900E64B5C /* Services */,
				5022246027B1D86600E3B4D5 /* Extensions.swift */,
				50C058C627AB2267004A0D61 /* Assets.xcassets */,
				50C058C827AB2267004A0D61 /* LaunchScreen.storyboard */,
				50C058CB27AB2267004A0D61 /* Info.plist */,
				5022261527E3D59700E3B4D5 /* GoogleService-Info.plist */,
			);
			path = FanChatApp;
			sourceTree = "<group>";
		};
		50E03F882833E89C005E87C0 /* SideMenu */ = {
			isa = PBXGroup;
			children = (
				50CA32752847F60600C90E3C /* MenuListController.swift */,
				50E03F8D2833E8C7005E87C0 /* MenuViewController.swift */,
				50E03F892833E8B3005E87C0 /* MenuCellViewModel.swift */,
				50E03F8B2833E8BE005E87C0 /* MenuTableViewCell.swift */,
				50E03F912834176E005E87C0 /* MenuHeader.swift */,
			);
			path = SideMenu;
			sourceTree = "<group>";
		};
		50EDD07927F2619400E64B5C /* ViewControllers */ = {
			isa = PBXGroup;
			children = (
				50EDD07D27F2766600E64B5C /* Login */,
				503C2479284AC29A0073CEF6 /* Biometric ViewControllers */,
				50EDD07E27F2771700E64B5C /* SideMenu VCs */,
			);
			path = ViewControllers;
			sourceTree = "<group>";
		};
		50EDD07A27F261C900E64B5C /* Services */ = {
			isa = PBXGroup;
			children = (
				5022261727E776CD00E3B4D5 /* DatabaseManager.swift */,
				50EDD07327EA0EE100E64B5C /* ImageManager.swift */,
				5022261127E356BC00E3B4D5 /* NetworkManager.swift */,
				5022261927E78BF200E3B4D5 /* StorageManager.swift */,
			);
			path = Services;
			sourceTree = "<group>";
		};
		50EDD07B27F261E400E64B5C /* Models */ = {
			isa = PBXGroup;
			children = (
				5022245E27B1D4AE00E3B4D5 /* User.swift */,
				5022260F27E355E600E3B4D5 /* Team.swift */,
				50EDD06D27E9D6FD00E64B5C /* News.swift */,
				5020490C28072BE1001D6AA8 /* Post.swift */,
				503C246F284918350073CEF6 /* KeychainConfig.swift */,
				503C247128491A200073CEF6 /* Constants.swift */,
				503C247328491BB10073CEF6 /* KeychainPasswordItem.swift */,
			);
			path = Models;
			sourceTree = "<group>";
		};
		50EDD07C27F2620A00E64B5C /* ViewModels */ = {
			isa = PBXGroup;
			children = (
				5022261327E36B5D00E3B4D5 /* RegistrationViewModel.swift */,
				50EDD06F27E9E01C00E64B5C /* FeedViewModel.swift */,
				50EDD07527EA7ABD00E64B5C /* FeedCellViewModel.swift */,
				50EDD08227F4A45900E64B5C /* ProfileViewModel.swift */,
				5020495528282F56001D6AA8 /* UsersViewModel.swift */,
				50204957282AD665001D6AA8 /* UserCellViewModel.swift */,
				50E03F2D28325856005E87C0 /* TeamStandigViewModel.swift */,
				50E03FDB283BDF91005E87C0 /* UserFeedViewModel.swift */,
				50E03FE1283DA462005E87C0 /* UserDetailsViewModel.swift */,
			);
			path = ViewModels;
			sourceTree = "<group>";
		};
		50EDD07D27F2766600E64B5C /* Login */ = {
			isa = PBXGroup;
			children = (
				50C058C127AB2263004A0D61 /* LoginViewController.swift */,
				50EDD07727F0902400E64B5C /* ResetPasswordViewController.swift */,
				5022260927E215BD00E3B4D5 /* RegistrationViewController.swift */,
			);
			path = Login;
			sourceTree = "<group>";
		};
		50EDD07E27F2771700E64B5C /* SideMenu VCs */ = {
			isa = PBXGroup;
			children = (
				5020495B282EAEB7001D6AA8 /* Secondary ViewControllers */,
				50EDD07F27F2775300E64B5C /* Custom Cells */,
				5022261B27E8E70F00E3B4D5 /* NewsViewController.swift */,
				50E03F972836AB4F005E87C0 /* UsersFeedCollectionViewController.swift */,
				50EDD06727E9358A00E64B5C /* UsersViewController.swift */,
				50EDD06927E935C700E64B5C /* ResultsViewController.swift */,
				50EDD06B27E9407600E64B5C /* ProfileViewController.swift */,
			);
			path = "SideMenu VCs";
			sourceTree = "<group>";
		};
		50EDD07F27F2775300E64B5C /* Custom Cells */ = {
			isa = PBXGroup;
			children = (
				50EDD07127EA0C3E00E64B5C /* FeedTableViewCell.swift */,
				50E03F2B28325769005E87C0 /* TeamStandingCell.swift */,
				50204959282ADB25001D6AA8 /* UserCollectionViewCell.swift */,
				50E03F9528355B79005E87C0 /* UserPostCollectionViewCell.swift */,
				50E03FE7283E85F4005E87C0 /* UserDetailsPostCollectionViewCell.swift */,
				5020490E28072EB4001D6AA8 /* CustomImageView.swift */,
			);
			path = "Custom Cells";
			sourceTree = "<group>";
		};
		75E7C8077F0603D2C61DA579 /* Pods */ = {
			isa = PBXGroup;
			children = (
				3C881E109ABB2A9057635903 /* Pods-FanChatApp.debug.xcconfig */,
				AB1963437BE25CA28D1FD64B /* Pods-FanChatApp.release.xcconfig */,
			);
			path = Pods;
			sourceTree = "<group>";
		};
/* End PBXGroup section */

/* Begin PBXNativeTarget section */
		50C058B927AB2263004A0D61 /* FanChatApp */ = {
			isa = PBXNativeTarget;
			buildConfigurationList = 50C058CE27AB2267004A0D61 /* Build configuration list for PBXNativeTarget "FanChatApp" */;
			buildPhases = (
				796D004C034FA8F3C12EA509 /* [CP] Check Pods Manifest.lock */,
				50C058B627AB2263004A0D61 /* Sources */,
				50C058B727AB2263004A0D61 /* Frameworks */,
				50C058B827AB2263004A0D61 /* Resources */,
				B8E7C92666EC26FACBAA3686 /* [CP] Embed Pods Frameworks */,
			);
			buildRules = (
			);
			dependencies = (
			);
			name = FanChatApp;
			productName = FanChatApp;
			productReference = 50C058BA27AB2263004A0D61 /* FanChatApp.app */;
			productType = "com.apple.product-type.application";
		};
/* End PBXNativeTarget section */

/* Begin PBXProject section */
		50C058B227AB2263004A0D61 /* Project object */ = {
			isa = PBXProject;
			attributes = {
				BuildIndependentTargetsInParallel = 1;
				LastSwiftUpdateCheck = 1320;
				LastUpgradeCheck = 1320;
				TargetAttributes = {
					50C058B927AB2263004A0D61 = {
						CreatedOnToolsVersion = 13.2.1;
					};
				};
			};
			buildConfigurationList = 50C058B527AB2263004A0D61 /* Build configuration list for PBXProject "FanChatApp" */;
			compatibilityVersion = "Xcode 13.0";
			developmentRegion = en;
			hasScannedForEncodings = 0;
			knownRegions = (
				en,
				Base,
			);
			mainGroup = 50C058B127AB2263004A0D61;
			productRefGroup = 50C058BB27AB2263004A0D61 /* Products */;
			projectDirPath = "";
			projectRoot = "";
			targets = (
				50C058B927AB2263004A0D61 /* FanChatApp */,
			);
		};
/* End PBXProject section */

/* Begin PBXResourcesBuildPhase section */
		50C058B827AB2263004A0D61 /* Resources */ = {
			isa = PBXResourcesBuildPhase;
			buildActionMask = 2147483647;
			files = (
				50C058CA27AB2267004A0D61 /* LaunchScreen.storyboard in Resources */,
				50C058C727AB2267004A0D61 /* Assets.xcassets in Resources */,
				5022261627E3D59700E3B4D5 /* GoogleService-Info.plist in Resources */,
			);
			runOnlyForDeploymentPostprocessing = 0;
		};
/* End PBXResourcesBuildPhase section */

/* Begin PBXShellScriptBuildPhase section */
		796D004C034FA8F3C12EA509 /* [CP] Check Pods Manifest.lock */ = {
			isa = PBXShellScriptBuildPhase;
			buildActionMask = 2147483647;
			files = (
			);
			inputFileListPaths = (
			);
			inputPaths = (
				"${PODS_PODFILE_DIR_PATH}/Podfile.lock",
				"${PODS_ROOT}/Manifest.lock",
			);
			name = "[CP] Check Pods Manifest.lock";
			outputFileListPaths = (
			);
			outputPaths = (
				"$(DERIVED_FILE_DIR)/Pods-FanChatApp-checkManifestLockResult.txt",
			);
			runOnlyForDeploymentPostprocessing = 0;
			shellPath = /bin/sh;
			shellScript = "diff \"${PODS_PODFILE_DIR_PATH}/Podfile.lock\" \"${PODS_ROOT}/Manifest.lock\" > /dev/null\nif [ $? != 0 ] ; then\n    # print error to STDERR\n    echo \"error: The sandbox is not in sync with the Podfile.lock. Run 'pod install' or update your CocoaPods installation.\" >&2\n    exit 1\nfi\n# This output is used by Xcode 'outputs' to avoid re-running this script phase.\necho \"SUCCESS\" > \"${SCRIPT_OUTPUT_FILE_0}\"\n";
			showEnvVarsInLog = 0;
		};
		B8E7C92666EC26FACBAA3686 /* [CP] Embed Pods Frameworks */ = {
			isa = PBXShellScriptBuildPhase;
			buildActionMask = 2147483647;
			files = (
			);
			inputFileListPaths = (
				"${PODS_ROOT}/Target Support Files/Pods-FanChatApp/Pods-FanChatApp-frameworks-${CONFIGURATION}-input-files.xcfilelist",
			);
			name = "[CP] Embed Pods Frameworks";
			outputFileListPaths = (
				"${PODS_ROOT}/Target Support Files/Pods-FanChatApp/Pods-FanChatApp-frameworks-${CONFIGURATION}-output-files.xcfilelist",
			);
			runOnlyForDeploymentPostprocessing = 0;
			shellPath = /bin/sh;
			shellScript = "\"${PODS_ROOT}/Target Support Files/Pods-FanChatApp/Pods-FanChatApp-frameworks.sh\"\n";
			showEnvVarsInLog = 0;
		};
/* End PBXShellScriptBuildPhase section */

/* Begin PBXSourcesBuildPhase section */
		50C058B627AB2263004A0D61 /* Sources */ = {
			isa = PBXSourcesBuildPhase;
			buildActionMask = 2147483647;
			files = (
				50E03F982836AB4F005E87C0 /* UsersFeedCollectionViewController.swift in Sources */,
				50E03FE4283E58C2005E87C0 /* UserDetailsCollectionViewController.swift in Sources */,
				503C2478284970780073CEF6 /* EnableBiometricViewController.swift in Sources */,
				5022260A27E215BD00E3B4D5 /* RegistrationViewController.swift in Sources */,
				50E03F8C2833E8BE005E87C0 /* MenuTableViewCell.swift in Sources */,
				5020490F28072EB4001D6AA8 /* CustomImageView.swift in Sources */,
				50EDD07027E9E01C00E64B5C /* FeedViewModel.swift in Sources */,
				50EDD07427EA0EE100E64B5C /* ImageManager.swift in Sources */,
				50E03FE2283DA463005E87C0 /* UserDetailsViewModel.swift in Sources */,
				5022261427E36B5E00E3B4D5 /* RegistrationViewModel.swift in Sources */,
				50E03FDA283BA90F005E87C0 /* CreatePostViewController.swift in Sources */,
				50EDD06E27E9D6FD00E64B5C /* News.swift in Sources */,
				5020495A282ADB25001D6AA8 /* UserCollectionViewCell.swift in Sources */,
				50CA32762847F60600C90E3C /* MenuListController.swift in Sources */,
				50E03F9628355B79005E87C0 /* UserPostCollectionViewCell.swift in Sources */,
				5022261A27E78BF200E3B4D5 /* StorageManager.swift in Sources */,
				50E03F8A2833E8B3005E87C0 /* MenuCellViewModel.swift in Sources */,
				50EDD07827F0902400E64B5C /* ResetPasswordViewController.swift in Sources */,
				50EDD07627EA7ABD00E64B5C /* FeedCellViewModel.swift in Sources */,
				50E03FDC283BDF91005E87C0 /* UserFeedViewModel.swift in Sources */,
				50EDD06A27E935C700E64B5C /* ResultsViewController.swift in Sources */,
				5022261827E776CE00E3B4D5 /* DatabaseManager.swift in Sources */,
				50E03FE8283E85F4005E87C0 /* UserDetailsPostCollectionViewCell.swift in Sources */,
				50EDD07227EA0C3E00E64B5C /* FeedTableViewCell.swift in Sources */,
				5022246127B1D86600E3B4D5 /* Extensions.swift in Sources */,
				5020490D28072BE1001D6AA8 /* Post.swift in Sources */,
				5022261027E355E600E3B4D5 /* Team.swift in Sources */,
				503C2476284922BA0073CEF6 /* BiometricAuth.swift in Sources */,
				50E03F2C28325769005E87C0 /* TeamStandingCell.swift in Sources */,
				50204958282AD665001D6AA8 /* UserCellViewModel.swift in Sources */,
				5022245F27B1D4AE00E3B4D5 /* User.swift in Sources */,
				5020495D282EAEE2001D6AA8 /* UserDetailsViewController.swift in Sources */,
				5022261227E356BC00E3B4D5 /* NetworkManager.swift in Sources */,
				50E03F922834176E005E87C0 /* MenuHeader.swift in Sources */,
				50C058C227AB2263004A0D61 /* LoginViewController.swift in Sources */,
				50E03F8E2833E8C7005E87C0 /* MenuViewController.swift in Sources */,
				50EDD06827E9358A00E64B5C /* UsersViewController.swift in Sources */,
				503C247228491A200073CEF6 /* Constants.swift in Sources */,
				5020495628282F56001D6AA8 /* UsersViewModel.swift in Sources */,
				50E03FE6283E5933005E87C0 /* UserDetailsHeader.swift in Sources */,
				503C2470284918350073CEF6 /* KeychainConfig.swift in Sources */,
				50E03F2E28325856005E87C0 /* TeamStandigViewModel.swift in Sources */,
				50C058BE27AB2263004A0D61 /* AppDelegate.swift in Sources */,
				50EDD08327F4A45900E64B5C /* ProfileViewModel.swift in Sources */,
				50EDD06C27E9407600E64B5C /* ProfileViewController.swift in Sources */,
				503C247428491BB10073CEF6 /* KeychainPasswordItem.swift in Sources */,
				5022261C27E8E70F00E3B4D5 /* NewsViewController.swift in Sources */,
				50C058C027AB2263004A0D61 /* SceneDelegate.swift in Sources */,
			);
			runOnlyForDeploymentPostprocessing = 0;
		};
/* End PBXSourcesBuildPhase section */

/* Begin PBXVariantGroup section */
		50C058C827AB2267004A0D61 /* LaunchScreen.storyboard */ = {
			isa = PBXVariantGroup;
			children = (
				50C058C927AB2267004A0D61 /* Base */,
			);
			name = LaunchScreen.storyboard;
			sourceTree = "<group>";
		};
/* End PBXVariantGroup section */

/* Begin XCBuildConfiguration section */
		50C058CC27AB2267004A0D61 /* Debug */ = {
			isa = XCBuildConfiguration;
			buildSettings = {
				ALWAYS_SEARCH_USER_PATHS = NO;
				CLANG_ANALYZER_NONNULL = YES;
				CLANG_ANALYZER_NUMBER_OBJECT_CONVERSION = YES_AGGRESSIVE;
				CLANG_CXX_LANGUAGE_STANDARD = "gnu++17";
				CLANG_CXX_LIBRARY = "libc++";
				CLANG_ENABLE_MODULES = YES;
				CLANG_ENABLE_OBJC_ARC = YES;
				CLANG_ENABLE_OBJC_WEAK = YES;
				CLANG_WARN_BLOCK_CAPTURE_AUTORELEASING = YES;
				CLANG_WARN_BOOL_CONVERSION = YES;
				CLANG_WARN_COMMA = YES;
				CLANG_WARN_CONSTANT_CONVERSION = YES;
				CLANG_WARN_DEPRECATED_OBJC_IMPLEMENTATIONS = YES;
				CLANG_WARN_DIRECT_OBJC_ISA_USAGE = YES_ERROR;
				CLANG_WARN_DOCUMENTATION_COMMENTS = YES;
				CLANG_WARN_EMPTY_BODY = YES;
				CLANG_WARN_ENUM_CONVERSION = YES;
				CLANG_WARN_INFINITE_RECURSION = YES;
				CLANG_WARN_INT_CONVERSION = YES;
				CLANG_WARN_NON_LITERAL_NULL_CONVERSION = YES;
				CLANG_WARN_OBJC_IMPLICIT_RETAIN_SELF = YES;
				CLANG_WARN_OBJC_LITERAL_CONVERSION = YES;
				CLANG_WARN_OBJC_ROOT_CLASS = YES_ERROR;
				CLANG_WARN_QUOTED_INCLUDE_IN_FRAMEWORK_HEADER = YES;
				CLANG_WARN_RANGE_LOOP_ANALYSIS = YES;
				CLANG_WARN_STRICT_PROTOTYPES = YES;
				CLANG_WARN_SUSPICIOUS_MOVE = YES;
				CLANG_WARN_UNGUARDED_AVAILABILITY = YES_AGGRESSIVE;
				CLANG_WARN_UNREACHABLE_CODE = YES;
				CLANG_WARN__DUPLICATE_METHOD_MATCH = YES;
				COPY_PHASE_STRIP = NO;
				DEBUG_INFORMATION_FORMAT = dwarf;
				ENABLE_STRICT_OBJC_MSGSEND = YES;
				ENABLE_TESTABILITY = YES;
				GCC_C_LANGUAGE_STANDARD = gnu11;
				GCC_DYNAMIC_NO_PIC = NO;
				GCC_NO_COMMON_BLOCKS = YES;
				GCC_OPTIMIZATION_LEVEL = 0;
				GCC_PREPROCESSOR_DEFINITIONS = (
					"DEBUG=1",
					"$(inherited)",
				);
				GCC_WARN_64_TO_32_BIT_CONVERSION = YES;
				GCC_WARN_ABOUT_RETURN_TYPE = YES_ERROR;
				GCC_WARN_UNDECLARED_SELECTOR = YES;
				GCC_WARN_UNINITIALIZED_AUTOS = YES_AGGRESSIVE;
				GCC_WARN_UNUSED_FUNCTION = YES;
				GCC_WARN_UNUSED_VARIABLE = YES;
				IPHONEOS_DEPLOYMENT_TARGET = 15.2;
				MTL_ENABLE_DEBUG_INFO = INCLUDE_SOURCE;
				MTL_FAST_MATH = YES;
				ONLY_ACTIVE_ARCH = YES;
				SDKROOT = iphoneos;
				SWIFT_ACTIVE_COMPILATION_CONDITIONS = DEBUG;
				SWIFT_OPTIMIZATION_LEVEL = "-Onone";
			};
			name = Debug;
		};
		50C058CD27AB2267004A0D61 /* Release */ = {
			isa = XCBuildConfiguration;
			buildSettings = {
				ALWAYS_SEARCH_USER_PATHS = NO;
				CLANG_ANALYZER_NONNULL = YES;
				CLANG_ANALYZER_NUMBER_OBJECT_CONVERSION = YES_AGGRESSIVE;
				CLANG_CXX_LANGUAGE_STANDARD = "gnu++17";
				CLANG_CXX_LIBRARY = "libc++";
				CLANG_ENABLE_MODULES = YES;
				CLANG_ENABLE_OBJC_ARC = YES;
				CLANG_ENABLE_OBJC_WEAK = YES;
				CLANG_WARN_BLOCK_CAPTURE_AUTORELEASING = YES;
				CLANG_WARN_BOOL_CONVERSION = YES;
				CLANG_WARN_COMMA = YES;
				CLANG_WARN_CONSTANT_CONVERSION = YES;
				CLANG_WARN_DEPRECATED_OBJC_IMPLEMENTATIONS = YES;
				CLANG_WARN_DIRECT_OBJC_ISA_USAGE = YES_ERROR;
				CLANG_WARN_DOCUMENTATION_COMMENTS = YES;
				CLANG_WARN_EMPTY_BODY = YES;
				CLANG_WARN_ENUM_CONVERSION = YES;
				CLANG_WARN_INFINITE_RECURSION = YES;
				CLANG_WARN_INT_CONVERSION = YES;
				CLANG_WARN_NON_LITERAL_NULL_CONVERSION = YES;
				CLANG_WARN_OBJC_IMPLICIT_RETAIN_SELF = YES;
				CLANG_WARN_OBJC_LITERAL_CONVERSION = YES;
				CLANG_WARN_OBJC_ROOT_CLASS = YES_ERROR;
				CLANG_WARN_QUOTED_INCLUDE_IN_FRAMEWORK_HEADER = YES;
				CLANG_WARN_RANGE_LOOP_ANALYSIS = YES;
				CLANG_WARN_STRICT_PROTOTYPES = YES;
				CLANG_WARN_SUSPICIOUS_MOVE = YES;
				CLANG_WARN_UNGUARDED_AVAILABILITY = YES_AGGRESSIVE;
				CLANG_WARN_UNREACHABLE_CODE = YES;
				CLANG_WARN__DUPLICATE_METHOD_MATCH = YES;
				COPY_PHASE_STRIP = NO;
				DEBUG_INFORMATION_FORMAT = "dwarf-with-dsym";
				ENABLE_NS_ASSERTIONS = NO;
				ENABLE_STRICT_OBJC_MSGSEND = YES;
				GCC_C_LANGUAGE_STANDARD = gnu11;
				GCC_NO_COMMON_BLOCKS = YES;
				GCC_WARN_64_TO_32_BIT_CONVERSION = YES;
				GCC_WARN_ABOUT_RETURN_TYPE = YES_ERROR;
				GCC_WARN_UNDECLARED_SELECTOR = YES;
				GCC_WARN_UNINITIALIZED_AUTOS = YES_AGGRESSIVE;
				GCC_WARN_UNUSED_FUNCTION = YES;
				GCC_WARN_UNUSED_VARIABLE = YES;
				IPHONEOS_DEPLOYMENT_TARGET = 15.2;
				MTL_ENABLE_DEBUG_INFO = NO;
				MTL_FAST_MATH = YES;
				SDKROOT = iphoneos;
				SWIFT_COMPILATION_MODE = wholemodule;
				SWIFT_OPTIMIZATION_LEVEL = "-O";
				VALIDATE_PRODUCT = YES;
			};
			name = Release;
		};
		50C058CF27AB2267004A0D61 /* Debug */ = {
			isa = XCBuildConfiguration;
			baseConfigurationReference = 3C881E109ABB2A9057635903 /* Pods-FanChatApp.debug.xcconfig */;
			buildSettings = {
				ASSETCATALOG_COMPILER_APPICON_NAME = AppIcon;
				ASSETCATALOG_COMPILER_GLOBAL_ACCENT_COLOR_NAME = AccentColor;
				CODE_SIGN_STYLE = Automatic;
				CURRENT_PROJECT_VERSION = 1;
				DEVELOPMENT_TEAM = B79H9HL5AT;
				GENERATE_INFOPLIST_FILE = YES;
				INFOPLIST_FILE = FanChatApp/Info.plist;
				INFOPLIST_KEY_UIApplicationSupportsIndirectInputEvents = YES;
				INFOPLIST_KEY_UILaunchStoryboardName = LaunchScreen;
				INFOPLIST_KEY_UISupportedInterfaceOrientations_iPad = "UIInterfaceOrientationPortrait UIInterfaceOrientationPortraitUpsideDown UIInterfaceOrientationLandscapeLeft UIInterfaceOrientationLandscapeRight";
				INFOPLIST_KEY_UISupportedInterfaceOrientations_iPhone = "UIInterfaceOrientationPortrait UIInterfaceOrientationLandscapeLeft UIInterfaceOrientationLandscapeRight";
				LD_RUNPATH_SEARCH_PATHS = (
					"$(inherited)",
					"@executable_path/Frameworks",
				);
				MARKETING_VERSION = 1.0;
				PRODUCT_BUNDLE_IDENTIFIER = "shinov-96-mail.ru.FanChatApp";
				PRODUCT_NAME = "$(TARGET_NAME)";
				SWIFT_EMIT_LOC_STRINGS = YES;
				SWIFT_VERSION = 5.0;
				TARGETED_DEVICE_FAMILY = 1;
			};
			name = Debug;
		};
		50C058D027AB2267004A0D61 /* Release */ = {
			isa = XCBuildConfiguration;
			baseConfigurationReference = AB1963437BE25CA28D1FD64B /* Pods-FanChatApp.release.xcconfig */;
			buildSettings = {
				ASSETCATALOG_COMPILER_APPICON_NAME = AppIcon;
				ASSETCATALOG_COMPILER_GLOBAL_ACCENT_COLOR_NAME = AccentColor;
				CODE_SIGN_STYLE = Automatic;
				CURRENT_PROJECT_VERSION = 1;
				DEVELOPMENT_TEAM = B79H9HL5AT;
				GENERATE_INFOPLIST_FILE = YES;
				INFOPLIST_FILE = FanChatApp/Info.plist;
				INFOPLIST_KEY_UIApplicationSupportsIndirectInputEvents = YES;
				INFOPLIST_KEY_UILaunchStoryboardName = LaunchScreen;
				INFOPLIST_KEY_UISupportedInterfaceOrientations_iPad = "UIInterfaceOrientationPortrait UIInterfaceOrientationPortraitUpsideDown UIInterfaceOrientationLandscapeLeft UIInterfaceOrientationLandscapeRight";
				INFOPLIST_KEY_UISupportedInterfaceOrientations_iPhone = "UIInterfaceOrientationPortrait UIInterfaceOrientationLandscapeLeft UIInterfaceOrientationLandscapeRight";
				LD_RUNPATH_SEARCH_PATHS = (
					"$(inherited)",
					"@executable_path/Frameworks",
				);
				MARKETING_VERSION = 1.0;
				PRODUCT_BUNDLE_IDENTIFIER = "shinov-96-mail.ru.FanChatApp";
				PRODUCT_NAME = "$(TARGET_NAME)";
				SWIFT_EMIT_LOC_STRINGS = YES;
				SWIFT_VERSION = 5.0;
				TARGETED_DEVICE_FAMILY = 1;
			};
			name = Release;
		};
/* End XCBuildConfiguration section */

/* Begin XCConfigurationList section */
		50C058B527AB2263004A0D61 /* Build configuration list for PBXProject "FanChatApp" */ = {
			isa = XCConfigurationList;
			buildConfigurations = (
				50C058CC27AB2267004A0D61 /* Debug */,
				50C058CD27AB2267004A0D61 /* Release */,
			);
			defaultConfigurationIsVisible = 0;
			defaultConfigurationName = Release;
		};
		50C058CE27AB2267004A0D61 /* Build configuration list for PBXNativeTarget "FanChatApp" */ = {
			isa = XCConfigurationList;
			buildConfigurations = (
				50C058CF27AB2267004A0D61 /* Debug */,
				50C058D027AB2267004A0D61 /* Release */,
			);
			defaultConfigurationIsVisible = 0;
			defaultConfigurationName = Release;
		};
/* End XCConfigurationList section */
	};
	rootObject = 50C058B227AB2263004A0D61 /* Project object */;
}
